// !$*UTF8*$!
{
	archiveVersion = 1;
	classes = {
	};
	objectVersion = 46;
	objects = {

/* Begin PBXBuildFile section */
		E232262A1ADE042200BFFF2A /* AppDelegate.swift in Sources */ = {isa = PBXBuildFile; fileRef = E23226291ADE042200BFFF2A /* AppDelegate.swift */; };
		E232262D1ADE042200BFFF2A /* HJKnowDaily.xcdatamodeld in Sources */ = {isa = PBXBuildFile; fileRef = E232262B1ADE042200BFFF2A /* HJKnowDaily.xcdatamodeld */; };
		E232262F1ADE042200BFFF2A /* ViewController.swift in Sources */ = {isa = PBXBuildFile; fileRef = E232262E1ADE042200BFFF2A /* ViewController.swift */; };
		E23226321ADE042200BFFF2A /* Main.storyboard in Resources */ = {isa = PBXBuildFile; fileRef = E23226301ADE042200BFFF2A /* Main.storyboard */; };
		E23226341ADE042200BFFF2A /* Images.xcassets in Resources */ = {isa = PBXBuildFile; fileRef = E23226331ADE042200BFFF2A /* Images.xcassets */; };
		E23226371ADE042200BFFF2A /* LaunchScreen.xib in Resources */ = {isa = PBXBuildFile; fileRef = E23226351ADE042200BFFF2A /* LaunchScreen.xib */; };
		E23226431ADE042200BFFF2A /* HJKnowDailyTests.swift in Sources */ = {isa = PBXBuildFile; fileRef = E23226421ADE042200BFFF2A /* HJKnowDailyTests.swift */; };
		E232266A1ADE071E00BFFF2A /* SlideNavigationContorllerAnimatorFade.m in Sources */ = {isa = PBXBuildFile; fileRef = E232265C1ADE071E00BFFF2A /* SlideNavigationContorllerAnimatorFade.m */; };
		E232266B1ADE071E00BFFF2A /* SlideNavigationContorllerAnimatorScale.m in Sources */ = {isa = PBXBuildFile; fileRef = E232265E1ADE071E00BFFF2A /* SlideNavigationContorllerAnimatorScale.m */; };
		E232266C1ADE071E00BFFF2A /* SlideNavigationContorllerAnimatorScaleAndFade.m in Sources */ = {isa = PBXBuildFile; fileRef = E23226601ADE071E00BFFF2A /* SlideNavigationContorllerAnimatorScaleAndFade.m */; };
		E232266D1ADE071E00BFFF2A /* SlideNavigationContorllerAnimatorSlide.m in Sources */ = {isa = PBXBuildFile; fileRef = E23226621ADE071E00BFFF2A /* SlideNavigationContorllerAnimatorSlide.m */; };
		E232266E1ADE071E00BFFF2A /* SlideNavigationContorllerAnimatorSlideAndFade.m in Sources */ = {isa = PBXBuildFile; fileRef = E23226641ADE071E00BFFF2A /* SlideNavigationContorllerAnimatorSlideAndFade.m */; };
		E232266F1ADE071E00BFFF2A /* menu-button.png in Resources */ = {isa = PBXBuildFile; fileRef = E23226661ADE071E00BFFF2A /* menu-button.png */; };
		E23226701ADE071E00BFFF2A /* menu-button@2x.png in Resources */ = {isa = PBXBuildFile; fileRef = E23226671ADE071E00BFFF2A /* menu-button@2x.png */; };
		E23226711ADE071E00BFFF2A /* SlideNavigationController.m in Sources */ = {isa = PBXBuildFile; fileRef = E23226691ADE071E00BFFF2A /* SlideNavigationController.m */; };
		E23226731ADE074900BFFF2A /* HJRootViewController.swift in Sources */ = {isa = PBXBuildFile; fileRef = E23226721ADE074900BFFF2A /* HJRootViewController.swift */; };
		E23226751ADE076100BFFF2A /* HJRootView.swift in Sources */ = {isa = PBXBuildFile; fileRef = E23226741ADE076100BFFF2A /* HJRootView.swift */; };
		E23226771ADE080E00BFFF2A /* HJHomeViewController.swift in Sources */ = {isa = PBXBuildFile; fileRef = E23226761ADE080E00BFFF2A /* HJHomeViewController.swift */; };
		E23226791ADE081F00BFFF2A /* HJLeftViewController.swift in Sources */ = {isa = PBXBuildFile; fileRef = E23226781ADE081F00BFFF2A /* HJLeftViewController.swift */; };
		E232267C1ADE360900BFFF2A /* Utility.swift in Sources */ = {isa = PBXBuildFile; fileRef = E232267B1ADE360900BFFF2A /* Utility.swift */; };
		E23226801ADE373B00BFFF2A /* HJUrlHelp.swift in Sources */ = {isa = PBXBuildFile; fileRef = E232267F1ADE373B00BFFF2A /* HJUrlHelp.swift */; };
		E2408C421AE5067800995817 /* HJScrollView.swift in Sources */ = {isa = PBXBuildFile; fileRef = E2408C411AE5067800995817 /* HJScrollView.swift */; };
		E24262441AE4CF0500AD5C9D /* HJExpandHeader.swift in Sources */ = {isa = PBXBuildFile; fileRef = E24262431AE4CF0500AD5C9D /* HJExpandHeader.swift */; };
		E24262481AE4FD4C00AD5C9D /* CExpandHeader.m in Sources */ = {isa = PBXBuildFile; fileRef = E24262471AE4FD4C00AD5C9D /* CExpandHeader.m */; };
		E2FB87E41ADF50E8009A840F /* HJHttpRequest.swift in Sources */ = {isa = PBXBuildFile; fileRef = E2FB87E31ADF50E8009A840F /* HJHttpRequest.swift */; };
		E2FB87E81ADF8703009A840F /* Alamofire.swift in Sources */ = {isa = PBXBuildFile; fileRef = E2FB87E71ADF8703009A840F /* Alamofire.swift */; };
		E2FB88071ADF8A1F009A840F /* Alamofire.framework in Frameworks */ = {isa = PBXBuildFile; fileRef = E2FB88001ADF8A0E009A840F /* Alamofire.framework */; };
		E2FB88081ADF8A1F009A840F /* Alamofire.framework in Embed Frameworks */ = {isa = PBXBuildFile; fileRef = E2FB88001ADF8A0E009A840F /* Alamofire.framework */; settings = {ATTRIBUTES = (CodeSignOnCopy, RemoveHeadersOnCopy, ); }; };
		E2FC1DCA1AE0B12600418DA8 /* HJNewsModel.swift in Sources */ = {isa = PBXBuildFile; fileRef = E2FC1DC91AE0B12600418DA8 /* HJNewsModel.swift */; };
		E2FC1DDB1AE0B33800418DA8 /* SwiftyJSON.framework in Frameworks */ = {isa = PBXBuildFile; fileRef = E2FC1DD41AE0B2F600418DA8 /* SwiftyJSON.framework */; };
		E2FC1DDC1AE0B33800418DA8 /* SwiftyJSON.framework in Embed Frameworks */ = {isa = PBXBuildFile; fileRef = E2FC1DD41AE0B2F600418DA8 /* SwiftyJSON.framework */; settings = {ATTRIBUTES = (CodeSignOnCopy, RemoveHeadersOnCopy, ); }; };
		E2FC1DE51AE0CD1E00418DA8 /* HJHomeTableViewCell.swift in Sources */ = {isa = PBXBuildFile; fileRef = E2FC1DE31AE0CD1E00418DA8 /* HJHomeTableViewCell.swift */; };
		E2FC1DE61AE0CD1E00418DA8 /* HJHomeTableViewCell.xib in Resources */ = {isa = PBXBuildFile; fileRef = E2FC1DE41AE0CD1E00418DA8 /* HJHomeTableViewCell.xib */; };
		E2FC1DE81AE1134800418DA8 /* ImageLoader.swift in Sources */ = {isa = PBXBuildFile; fileRef = E2FC1DE71AE1134800418DA8 /* ImageLoader.swift */; };
/* End PBXBuildFile section */

/* Begin PBXContainerItemProxy section */
		E232263D1ADE042200BFFF2A /* PBXContainerItemProxy */ = {
			isa = PBXContainerItemProxy;
			containerPortal = E232261C1ADE042200BFFF2A /* Project object */;
			proxyType = 1;
			remoteGlobalIDString = E23226231ADE042200BFFF2A;
			remoteInfo = HJKnowDaily;
		};
		E2FB87FF1ADF8A0E009A840F /* PBXContainerItemProxy */ = {
			isa = PBXContainerItemProxy;
			containerPortal = E2FB87F81ADF8A0E009A840F /* Alamofire.xcodeproj */;
			proxyType = 2;
			remoteGlobalIDString = F8111E3319A95C8B0040E7D1;
			remoteInfo = "Alamofire iOS";
		};
		E2FB88011ADF8A0E009A840F /* PBXContainerItemProxy */ = {
			isa = PBXContainerItemProxy;
			containerPortal = E2FB87F81ADF8A0E009A840F /* Alamofire.xcodeproj */;
			proxyType = 2;
			remoteGlobalIDString = 4DD67C0B1A5C55C900ED2280;
			remoteInfo = "Alamofire OSX";
		};
		E2FB88031ADF8A0E009A840F /* PBXContainerItemProxy */ = {
			isa = PBXContainerItemProxy;
			containerPortal = E2FB87F81ADF8A0E009A840F /* Alamofire.xcodeproj */;
			proxyType = 2;
			remoteGlobalIDString = F8111E3E19A95C8B0040E7D1;
			remoteInfo = "Alamofire iOS Tests";
		};
		E2FB88051ADF8A0E009A840F /* PBXContainerItemProxy */ = {
			isa = PBXContainerItemProxy;
			containerPortal = E2FB87F81ADF8A0E009A840F /* Alamofire.xcodeproj */;
			proxyType = 2;
			remoteGlobalIDString = F829C6B21A7A94F100A2CD59;
			remoteInfo = "Alamofire OSX Tests";
		};
		E2FB88091ADF8A1F009A840F /* PBXContainerItemProxy */ = {
			isa = PBXContainerItemProxy;
			containerPortal = E2FB87F81ADF8A0E009A840F /* Alamofire.xcodeproj */;
			proxyType = 1;
			remoteGlobalIDString = F8111E3219A95C8B0040E7D1;
			remoteInfo = "Alamofire iOS";
		};
		E2FC1DD31AE0B2F600418DA8 /* PBXContainerItemProxy */ = {
			isa = PBXContainerItemProxy;
			containerPortal = E2FC1DCC1AE0B2F600418DA8 /* SwiftyJSON.xcodeproj */;
			proxyType = 2;
			remoteGlobalIDString = 2E4FEFDB19575BE100351305;
			remoteInfo = "SwiftyJSON iOS";
		};
		E2FC1DD51AE0B2F600418DA8 /* PBXContainerItemProxy */ = {
			isa = PBXContainerItemProxy;
			containerPortal = E2FC1DCC1AE0B2F600418DA8 /* SwiftyJSON.xcodeproj */;
			proxyType = 2;
			remoteGlobalIDString = 2E4FEFE619575BE100351305;
			remoteInfo = "SwiftyJSON iOS Tests";
		};
		E2FC1DD71AE0B2F600418DA8 /* PBXContainerItemProxy */ = {
			isa = PBXContainerItemProxy;
			containerPortal = E2FC1DCC1AE0B2F600418DA8 /* SwiftyJSON.xcodeproj */;
			proxyType = 2;
			remoteGlobalIDString = 9C7DFC5B1A9102BD005AA3F7;
			remoteInfo = "SwiftyJSON OSX";
		};
		E2FC1DD91AE0B2F600418DA8 /* PBXContainerItemProxy */ = {
			isa = PBXContainerItemProxy;
			containerPortal = E2FC1DCC1AE0B2F600418DA8 /* SwiftyJSON.xcodeproj */;
			proxyType = 2;
			remoteGlobalIDString = 9C7DFC651A9102BD005AA3F7;
			remoteInfo = "SwiftyJSON OSX Tests";
		};
		E2FC1DDD1AE0B33800418DA8 /* PBXContainerItemProxy */ = {
			isa = PBXContainerItemProxy;
			containerPortal = E2FC1DCC1AE0B2F600418DA8 /* SwiftyJSON.xcodeproj */;
			proxyType = 1;
			remoteGlobalIDString = 2E4FEFDA19575BE100351305;
			remoteInfo = "SwiftyJSON iOS";
		};
/* End PBXContainerItemProxy section */

/* Begin PBXCopyFilesBuildPhase section */
		E2FB880B1ADF8A20009A840F /* Embed Frameworks */ = {
			isa = PBXCopyFilesBuildPhase;
			buildActionMask = 2147483647;
			dstPath = "";
			dstSubfolderSpec = 10;
			files = (
				E2FC1DDC1AE0B33800418DA8 /* SwiftyJSON.framework in Embed Frameworks */,
				E2FB88081ADF8A1F009A840F /* Alamofire.framework in Embed Frameworks */,
			);
			name = "Embed Frameworks";
			runOnlyForDeploymentPostprocessing = 0;
		};
/* End PBXCopyFilesBuildPhase section */

/* Begin PBXFileReference section */
		E23226241ADE042200BFFF2A /* HJKnowDaily.app */ = {isa = PBXFileReference; explicitFileType = wrapper.application; includeInIndex = 0; path = HJKnowDaily.app; sourceTree = BUILT_PRODUCTS_DIR; };
		E23226281ADE042200BFFF2A /* Info.plist */ = {isa = PBXFileReference; lastKnownFileType = text.plist.xml; path = Info.plist; sourceTree = "<group>"; };
		E23226291ADE042200BFFF2A /* AppDelegate.swift */ = {isa = PBXFileReference; lastKnownFileType = sourcecode.swift; path = AppDelegate.swift; sourceTree = "<group>"; };
		E232262C1ADE042200BFFF2A /* HJKnowDaily.xcdatamodel */ = {isa = PBXFileReference; lastKnownFileType = wrapper.xcdatamodel; path = HJKnowDaily.xcdatamodel; sourceTree = "<group>"; };
		E232262E1ADE042200BFFF2A /* ViewController.swift */ = {isa = PBXFileReference; lastKnownFileType = sourcecode.swift; path = ViewController.swift; sourceTree = "<group>"; };
		E23226311ADE042200BFFF2A /* Base */ = {isa = PBXFileReference; lastKnownFileType = file.storyboard; name = Base; path = Base.lproj/Main.storyboard; sourceTree = "<group>"; };
		E23226331ADE042200BFFF2A /* Images.xcassets */ = {isa = PBXFileReference; lastKnownFileType = folder.assetcatalog; path = Images.xcassets; sourceTree = "<group>"; };
		E23226361ADE042200BFFF2A /* Base */ = {isa = PBXFileReference; lastKnownFileType = file.xib; name = Base; path = Base.lproj/LaunchScreen.xib; sourceTree = "<group>"; };
		E232263C1ADE042200BFFF2A /* HJKnowDailyTests.xctest */ = {isa = PBXFileReference; explicitFileType = wrapper.cfbundle; includeInIndex = 0; path = HJKnowDailyTests.xctest; sourceTree = BUILT_PRODUCTS_DIR; };
		E23226411ADE042200BFFF2A /* Info.plist */ = {isa = PBXFileReference; lastKnownFileType = text.plist.xml; path = Info.plist; sourceTree = "<group>"; };
		E23226421ADE042200BFFF2A /* HJKnowDailyTests.swift */ = {isa = PBXFileReference; lastKnownFileType = sourcecode.swift; path = HJKnowDailyTests.swift; sourceTree = "<group>"; };
		E23226521ADE068400BFFF2A /* HJKnowDaily-Bridging-Header.h */ = {isa = PBXFileReference; lastKnownFileType = sourcecode.c.h; path = "HJKnowDaily-Bridging-Header.h"; sourceTree = "<group>"; };
		E232265A1ADE071E00BFFF2A /* SlideNavigationContorllerAnimator.h */ = {isa = PBXFileReference; fileEncoding = 4; lastKnownFileType = sourcecode.c.h; path = SlideNavigationContorllerAnimator.h; sourceTree = "<group>"; };
		E232265B1ADE071E00BFFF2A /* SlideNavigationContorllerAnimatorFade.h */ = {isa = PBXFileReference; fileEncoding = 4; lastKnownFileType = sourcecode.c.h; path = SlideNavigationContorllerAnimatorFade.h; sourceTree = "<group>"; };
		E232265C1ADE071E00BFFF2A /* SlideNavigationContorllerAnimatorFade.m */ = {isa = PBXFileReference; fileEncoding = 4; lastKnownFileType = sourcecode.c.objc; path = SlideNavigationContorllerAnimatorFade.m; sourceTree = "<group>"; };
		E232265D1ADE071E00BFFF2A /* SlideNavigationContorllerAnimatorScale.h */ = {isa = PBXFileReference; fileEncoding = 4; lastKnownFileType = sourcecode.c.h; path = SlideNavigationContorllerAnimatorScale.h; sourceTree = "<group>"; };
		E232265E1ADE071E00BFFF2A /* SlideNavigationContorllerAnimatorScale.m */ = {isa = PBXFileReference; fileEncoding = 4; lastKnownFileType = sourcecode.c.objc; path = SlideNavigationContorllerAnimatorScale.m; sourceTree = "<group>"; };
		E232265F1ADE071E00BFFF2A /* SlideNavigationContorllerAnimatorScaleAndFade.h */ = {isa = PBXFileReference; fileEncoding = 4; lastKnownFileType = sourcecode.c.h; path = SlideNavigationContorllerAnimatorScaleAndFade.h; sourceTree = "<group>"; };
		E23226601ADE071E00BFFF2A /* SlideNavigationContorllerAnimatorScaleAndFade.m */ = {isa = PBXFileReference; fileEncoding = 4; lastKnownFileType = sourcecode.c.objc; path = SlideNavigationContorllerAnimatorScaleAndFade.m; sourceTree = "<group>"; };
		E23226611ADE071E00BFFF2A /* SlideNavigationContorllerAnimatorSlide.h */ = {isa = PBXFileReference; fileEncoding = 4; lastKnownFileType = sourcecode.c.h; path = SlideNavigationContorllerAnimatorSlide.h; sourceTree = "<group>"; };
		E23226621ADE071E00BFFF2A /* SlideNavigationContorllerAnimatorSlide.m */ = {isa = PBXFileReference; fileEncoding = 4; lastKnownFileType = sourcecode.c.objc; path = SlideNavigationContorllerAnimatorSlide.m; sourceTree = "<group>"; };
		E23226631ADE071E00BFFF2A /* SlideNavigationContorllerAnimatorSlideAndFade.h */ = {isa = PBXFileReference; fileEncoding = 4; lastKnownFileType = sourcecode.c.h; path = SlideNavigationContorllerAnimatorSlideAndFade.h; sourceTree = "<group>"; };
		E23226641ADE071E00BFFF2A /* SlideNavigationContorllerAnimatorSlideAndFade.m */ = {isa = PBXFileReference; fileEncoding = 4; lastKnownFileType = sourcecode.c.objc; path = SlideNavigationContorllerAnimatorSlideAndFade.m; sourceTree = "<group>"; };
		E23226661ADE071E00BFFF2A /* menu-button.png */ = {isa = PBXFileReference; lastKnownFileType = image.png; path = "menu-button.png"; sourceTree = "<group>"; };
		E23226671ADE071E00BFFF2A /* menu-button@2x.png */ = {isa = PBXFileReference; lastKnownFileType = image.png; path = "menu-button@2x.png"; sourceTree = "<group>"; };
		E23226681ADE071E00BFFF2A /* SlideNavigationController.h */ = {isa = PBXFileReference; fileEncoding = 4; lastKnownFileType = sourcecode.c.h; path = SlideNavigationController.h; sourceTree = "<group>"; };
		E23226691ADE071E00BFFF2A /* SlideNavigationController.m */ = {isa = PBXFileReference; fileEncoding = 4; lastKnownFileType = sourcecode.c.objc; path = SlideNavigationController.m; sourceTree = "<group>"; };
		E23226721ADE074900BFFF2A /* HJRootViewController.swift */ = {isa = PBXFileReference; fileEncoding = 4; lastKnownFileType = sourcecode.swift; path = HJRootViewController.swift; sourceTree = "<group>"; };
		E23226741ADE076100BFFF2A /* HJRootView.swift */ = {isa = PBXFileReference; fileEncoding = 4; lastKnownFileType = sourcecode.swift; path = HJRootView.swift; sourceTree = "<group>"; };
		E23226761ADE080E00BFFF2A /* HJHomeViewController.swift */ = {isa = PBXFileReference; fileEncoding = 4; lastKnownFileType = sourcecode.swift; path = HJHomeViewController.swift; sourceTree = "<group>"; };
		E23226781ADE081F00BFFF2A /* HJLeftViewController.swift */ = {isa = PBXFileReference; fileEncoding = 4; lastKnownFileType = sourcecode.swift; path = HJLeftViewController.swift; sourceTree = "<group>"; };
		E232267B1ADE360900BFFF2A /* Utility.swift */ = {isa = PBXFileReference; fileEncoding = 4; lastKnownFileType = sourcecode.swift; path = Utility.swift; sourceTree = "<group>"; };
		E232267F1ADE373B00BFFF2A /* HJUrlHelp.swift */ = {isa = PBXFileReference; fileEncoding = 4; lastKnownFileType = sourcecode.swift; path = HJUrlHelp.swift; sourceTree = "<group>"; };
		E2408C411AE5067800995817 /* HJScrollView.swift */ = {isa = PBXFileReference; fileEncoding = 4; lastKnownFileType = sourcecode.swift; path = HJScrollView.swift; sourceTree = "<group>"; };
		E24262431AE4CF0500AD5C9D /* HJExpandHeader.swift */ = {isa = PBXFileReference; fileEncoding = 4; lastKnownFileType = sourcecode.swift; path = HJExpandHeader.swift; sourceTree = "<group>"; };
		E24262461AE4FD4C00AD5C9D /* CExpandHeader.h */ = {isa = PBXFileReference; fileEncoding = 4; lastKnownFileType = sourcecode.c.h; path = CExpandHeader.h; sourceTree = "<group>"; };
		E24262471AE4FD4C00AD5C9D /* CExpandHeader.m */ = {isa = PBXFileReference; fileEncoding = 4; lastKnownFileType = sourcecode.c.objc; path = CExpandHeader.m; sourceTree = "<group>"; };
		E2FB87E31ADF50E8009A840F /* HJHttpRequest.swift */ = {isa = PBXFileReference; fileEncoding = 4; lastKnownFileType = sourcecode.swift; path = HJHttpRequest.swift; sourceTree = "<group>"; };
		E2FB87E71ADF8703009A840F /* Alamofire.swift */ = {isa = PBXFileReference; fileEncoding = 4; lastKnownFileType = sourcecode.swift; path = Alamofire.swift; sourceTree = "<group>"; };
		E2FB87F81ADF8A0E009A840F /* Alamofire.xcodeproj */ = {isa = PBXFileReference; lastKnownFileType = "wrapper.pb-project"; name = Alamofire.xcodeproj; path = "project/Alamofire-master/Alamofire.xcodeproj"; sourceTree = "<group>"; };
		E2FC1DC91AE0B12600418DA8 /* HJNewsModel.swift */ = {isa = PBXFileReference; fileEncoding = 4; lastKnownFileType = sourcecode.swift; path = HJNewsModel.swift; sourceTree = "<group>"; };
		E2FC1DCC1AE0B2F600418DA8 /* SwiftyJSON.xcodeproj */ = {isa = PBXFileReference; lastKnownFileType = "wrapper.pb-project"; name = SwiftyJSON.xcodeproj; path = "project/SwiftyJSON-master-3/SwiftyJSON.xcodeproj"; sourceTree = "<group>"; };
		E2FC1DE31AE0CD1E00418DA8 /* HJHomeTableViewCell.swift */ = {isa = PBXFileReference; fileEncoding = 4; lastKnownFileType = sourcecode.swift; path = HJHomeTableViewCell.swift; sourceTree = "<group>"; };
		E2FC1DE41AE0CD1E00418DA8 /* HJHomeTableViewCell.xib */ = {isa = PBXFileReference; fileEncoding = 4; lastKnownFileType = file.xib; path = HJHomeTableViewCell.xib; sourceTree = "<group>"; };
		E2FC1DE71AE1134800418DA8 /* ImageLoader.swift */ = {isa = PBXFileReference; fileEncoding = 4; lastKnownFileType = sourcecode.swift; path = ImageLoader.swift; sourceTree = "<group>"; };
/* End PBXFileReference section */

/* Begin PBXFrameworksBuildPhase section */
		E23226211ADE042200BFFF2A /* Frameworks */ = {
			isa = PBXFrameworksBuildPhase;
			buildActionMask = 2147483647;
			files = (
				E2FC1DDB1AE0B33800418DA8 /* SwiftyJSON.framework in Frameworks */,
				E2FB88071ADF8A1F009A840F /* Alamofire.framework in Frameworks */,
			);
			runOnlyForDeploymentPostprocessing = 0;
		};
		E23226391ADE042200BFFF2A /* Frameworks */ = {
			isa = PBXFrameworksBuildPhase;
			buildActionMask = 2147483647;
			files = (
			);
			runOnlyForDeploymentPostprocessing = 0;
		};
/* End PBXFrameworksBuildPhase section */

/* Begin PBXGroup section */
		E232261B1ADE042200BFFF2A = {
			isa = PBXGroup;
			children = (
				E23226261ADE042200BFFF2A /* HJKnowDaily */,
				E232263F1ADE042200BFFF2A /* HJKnowDailyTests */,
				E23226251ADE042200BFFF2A /* Products */,
				E2FC1DCC1AE0B2F600418DA8 /* SwiftyJSON.xcodeproj */,
				E2FB87F81ADF8A0E009A840F /* Alamofire.xcodeproj */,
			);
			sourceTree = "<group>";
		};
		E23226251ADE042200BFFF2A /* Products */ = {
			isa = PBXGroup;
			children = (
				E23226241ADE042200BFFF2A /* HJKnowDaily.app */,
				E232263C1ADE042200BFFF2A /* HJKnowDailyTests.xctest */,
			);
			name = Products;
			sourceTree = "<group>";
		};
		E23226261ADE042200BFFF2A /* HJKnowDaily */ = {
			isa = PBXGroup;
			children = (
				E232267D1ADE371F00BFFF2A /* HJObject */,
				E232264D1ADE067400BFFF2A /* HJRootViews */,
				E232264E1ADE067400BFFF2A /* HJViewControllers */,
				E23226511ADE067400BFFF2A /* librarys */,
				E232264C1ADE064D00BFFF2A /* comment */,
				E23226271ADE042200BFFF2A /* Supporting Files */,
				E232267A1ADE35E900BFFF2A /* Utility */,
			);
			path = HJKnowDaily;
			sourceTree = "<group>";
		};
		E23226271ADE042200BFFF2A /* Supporting Files */ = {
			isa = PBXGroup;
			children = (
				E23226281ADE042200BFFF2A /* Info.plist */,
			);
			name = "Supporting Files";
			sourceTree = "<group>";
		};
		E232263F1ADE042200BFFF2A /* HJKnowDailyTests */ = {
			isa = PBXGroup;
			children = (
				E23226421ADE042200BFFF2A /* HJKnowDailyTests.swift */,
				E23226401ADE042200BFFF2A /* Supporting Files */,
			);
			path = HJKnowDailyTests;
			sourceTree = "<group>";
		};
		E23226401ADE042200BFFF2A /* Supporting Files */ = {
			isa = PBXGroup;
			children = (
				E23226411ADE042200BFFF2A /* Info.plist */,
			);
			name = "Supporting Files";
			sourceTree = "<group>";
		};
		E232264C1ADE064D00BFFF2A /* comment */ = {
			isa = PBXGroup;
			children = (
				E23226291ADE042200BFFF2A /* AppDelegate.swift */,
				E232262E1ADE042200BFFF2A /* ViewController.swift */,
				E23226301ADE042200BFFF2A /* Main.storyboard */,
				E23226331ADE042200BFFF2A /* Images.xcassets */,
				E23226351ADE042200BFFF2A /* LaunchScreen.xib */,
				E232262B1ADE042200BFFF2A /* HJKnowDaily.xcdatamodeld */,
				E23226521ADE068400BFFF2A /* HJKnowDaily-Bridging-Header.h */,
			);
			name = comment;
			sourceTree = "<group>";
		};
		E232264D1ADE067400BFFF2A /* HJRootViews */ = {
			isa = PBXGroup;
			children = (
				E23226721ADE074900BFFF2A /* HJRootViewController.swift */,
				E23226741ADE076100BFFF2A /* HJRootView.swift */,
			);
			path = HJRootViews;
			sourceTree = "<group>";
		};
		E232264E1ADE067400BFFF2A /* HJViewControllers */ = {
			isa = PBXGroup;
			children = (
				E232264F1ADE067400BFFF2A /* HJHomeViewControllers */,
				E23226501ADE067400BFFF2A /* HJLeftViewControllers */,
			);
			path = HJViewControllers;
			sourceTree = "<group>";
		};
		E232264F1ADE067400BFFF2A /* HJHomeViewControllers */ = {
			isa = PBXGroup;
			children = (
				E242623A1AE4C7CA00AD5C9D /* HJHeadView */,
				E23226761ADE080E00BFFF2A /* HJHomeViewController.swift */,
				E2FC1DE31AE0CD1E00418DA8 /* HJHomeTableViewCell.swift */,
				E2FC1DE41AE0CD1E00418DA8 /* HJHomeTableViewCell.xib */,
			);
			path = HJHomeViewControllers;
			sourceTree = "<group>";
		};
		E23226501ADE067400BFFF2A /* HJLeftViewControllers */ = {
			isa = PBXGroup;
			children = (
				E23226781ADE081F00BFFF2A /* HJLeftViewController.swift */,
			);
			path = HJLeftViewControllers;
			sourceTree = "<group>";
		};
		E23226511ADE067400BFFF2A /* librarys */ = {
			isa = PBXGroup;
			children = (
				E23226561ADE06D200BFFF2A /* OC */,
				E23226571ADE06D200BFFF2A /* Swift */,
			);
			path = librarys;
			sourceTree = "<group>";
		};
		E23226561ADE06D200BFFF2A /* OC */ = {
			isa = PBXGroup;
			children = (
				E24262451AE4FD4C00AD5C9D /* ExpandHelp */,
				E23226581ADE071E00BFFF2A /* slide-menu */,
			);
			path = OC;
			sourceTree = "<group>";
		};
		E23226571ADE06D200BFFF2A /* Swift */ = {
			isa = PBXGroup;
			children = (
				E2FC1DE71AE1134800418DA8 /* ImageLoader.swift */,
				E2FB87E71ADF8703009A840F /* Alamofire.swift */,
			);
			path = Swift;
			sourceTree = "<group>";
		};
		E23226581ADE071E00BFFF2A /* slide-menu */ = {
			isa = PBXGroup;
			children = (
				E23226591ADE071E00BFFF2A /* Animations */,
				E23226651ADE071E00BFFF2A /* Assets */,
				E23226681ADE071E00BFFF2A /* SlideNavigationController.h */,
				E23226691ADE071E00BFFF2A /* SlideNavigationController.m */,
			);
			name = "slide-menu";
			path = Source;
			sourceTree = "<group>";
		};
		E23226591ADE071E00BFFF2A /* Animations */ = {
			isa = PBXGroup;
			children = (
				E232265A1ADE071E00BFFF2A /* SlideNavigationContorllerAnimator.h */,
				E232265B1ADE071E00BFFF2A /* SlideNavigationContorllerAnimatorFade.h */,
				E232265C1ADE071E00BFFF2A /* SlideNavigationContorllerAnimatorFade.m */,
				E232265D1ADE071E00BFFF2A /* SlideNavigationContorllerAnimatorScale.h */,
				E232265E1ADE071E00BFFF2A /* SlideNavigationContorllerAnimatorScale.m */,
				E232265F1ADE071E00BFFF2A /* SlideNavigationContorllerAnimatorScaleAndFade.h */,
				E23226601ADE071E00BFFF2A /* SlideNavigationContorllerAnimatorScaleAndFade.m */,
				E23226611ADE071E00BFFF2A /* SlideNavigationContorllerAnimatorSlide.h */,
				E23226621ADE071E00BFFF2A /* SlideNavigationContorllerAnimatorSlide.m */,
				E23226631ADE071E00BFFF2A /* SlideNavigationContorllerAnimatorSlideAndFade.h */,
				E23226641ADE071E00BFFF2A /* SlideNavigationContorllerAnimatorSlideAndFade.m */,
			);
			path = Animations;
			sourceTree = "<group>";
		};
		E23226651ADE071E00BFFF2A /* Assets */ = {
			isa = PBXGroup;
			children = (
				E23226661ADE071E00BFFF2A /* menu-button.png */,
				E23226671ADE071E00BFFF2A /* menu-button@2x.png */,
			);
			path = Assets;
			sourceTree = "<group>";
		};
		E232267A1ADE35E900BFFF2A /* Utility */ = {
			isa = PBXGroup;
			children = (
				E232267B1ADE360900BFFF2A /* Utility.swift */,
			);
			path = Utility;
			sourceTree = "<group>";
		};
		E232267D1ADE371F00BFFF2A /* HJObject */ = {
			isa = PBXGroup;
			children = (
				E232267E1ADE371F00BFFF2A /* HJHttpRequest */,
			);
			path = HJObject;
			sourceTree = "<group>";
		};
		E232267E1ADE371F00BFFF2A /* HJHttpRequest */ = {
			isa = PBXGroup;
			children = (
				E2FC1DC51AE0B0FA00418DA8 /* HJModel */,
				E232267F1ADE373B00BFFF2A /* HJUrlHelp.swift */,
				E2FB87E31ADF50E8009A840F /* HJHttpRequest.swift */,
			);
			path = HJHttpRequest;
			sourceTree = "<group>";
		};
		E242623A1AE4C7CA00AD5C9D /* HJHeadView */ = {
			isa = PBXGroup;
			children = (
				E24262431AE4CF0500AD5C9D /* HJExpandHeader.swift */,
				E2408C411AE5067800995817 /* HJScrollView.swift */,
			);
			path = HJHeadView;
			sourceTree = "<group>";
		};
		E24262451AE4FD4C00AD5C9D /* ExpandHelp */ = {
			isa = PBXGroup;
			children = (
				E24262461AE4FD4C00AD5C9D /* CExpandHeader.h */,
				E24262471AE4FD4C00AD5C9D /* CExpandHeader.m */,
			);
			path = ExpandHelp;
			sourceTree = "<group>";
		};
		E2FB87F91ADF8A0E009A840F /* Products */ = {
			isa = PBXGroup;
			children = (
				E2FB88001ADF8A0E009A840F /* Alamofire.framework */,
				E2FB88021ADF8A0E009A840F /* Alamofire.framework */,
				E2FB88041ADF8A0E009A840F /* Alamofire iOS Tests.xctest */,
				E2FB88061ADF8A0E009A840F /* Alamofire OSX Tests.xctest */,
			);
			name = Products;
			sourceTree = "<group>";
		};
		E2FC1DC51AE0B0FA00418DA8 /* HJModel */ = {
			isa = PBXGroup;
			children = (
				E2FC1DC91AE0B12600418DA8 /* HJNewsModel.swift */,
			);
			path = HJModel;
			sourceTree = "<group>";
		};
		E2FC1DCD1AE0B2F600418DA8 /* Products */ = {
			isa = PBXGroup;
			children = (
				E2FC1DD41AE0B2F600418DA8 /* SwiftyJSON.framework */,
				E2FC1DD61AE0B2F600418DA8 /* SwiftyJSON iOS Tests.xctest */,
				E2FC1DD81AE0B2F600418DA8 /* SwiftyJSON.framework */,
				E2FC1DDA1AE0B2F600418DA8 /* SwiftyJSON OSX Tests.xctest */,
			);
			name = Products;
			sourceTree = "<group>";
		};
/* End PBXGroup section */

/* Begin PBXNativeTarget section */
		E23226231ADE042200BFFF2A /* HJKnowDaily */ = {
			isa = PBXNativeTarget;
			buildConfigurationList = E23226461ADE042200BFFF2A /* Build configuration list for PBXNativeTarget "HJKnowDaily" */;
			buildPhases = (
				E23226201ADE042200BFFF2A /* Sources */,
				E23226211ADE042200BFFF2A /* Frameworks */,
				E23226221ADE042200BFFF2A /* Resources */,
				E2FB880B1ADF8A20009A840F /* Embed Frameworks */,
			);
			buildRules = (
			);
			dependencies = (
				E2FB880A1ADF8A1F009A840F /* PBXTargetDependency */,
				E2FC1DDE1AE0B33800418DA8 /* PBXTargetDependency */,
			);
			name = HJKnowDaily;
			productName = HJKnowDaily;
			productReference = E23226241ADE042200BFFF2A /* HJKnowDaily.app */;
			productType = "com.apple.product-type.application";
		};
		E232263B1ADE042200BFFF2A /* HJKnowDailyTests */ = {
			isa = PBXNativeTarget;
			buildConfigurationList = E23226491ADE042200BFFF2A /* Build configuration list for PBXNativeTarget "HJKnowDailyTests" */;
			buildPhases = (
				E23226381ADE042200BFFF2A /* Sources */,
				E23226391ADE042200BFFF2A /* Frameworks */,
				E232263A1ADE042200BFFF2A /* Resources */,
			);
			buildRules = (
			);
			dependencies = (
				E232263E1ADE042200BFFF2A /* PBXTargetDependency */,
			);
			name = HJKnowDailyTests;
			productName = HJKnowDailyTests;
			productReference = E232263C1ADE042200BFFF2A /* HJKnowDailyTests.xctest */;
			productType = "com.apple.product-type.bundle.unit-test";
		};
/* End PBXNativeTarget section */

/* Begin PBXProject section */
		E232261C1ADE042200BFFF2A /* Project object */ = {
			isa = PBXProject;
			attributes = {
				LastUpgradeCheck = 0630;
				ORGANIZATIONNAME = Loser;
				TargetAttributes = {
					E23226231ADE042200BFFF2A = {
						CreatedOnToolsVersion = 6.3;
					};
					E232263B1ADE042200BFFF2A = {
						CreatedOnToolsVersion = 6.3;
						TestTargetID = E23226231ADE042200BFFF2A;
					};
				};
			};
			buildConfigurationList = E232261F1ADE042200BFFF2A /* Build configuration list for PBXProject "HJKnowDaily" */;
			compatibilityVersion = "Xcode 3.2";
			developmentRegion = English;
			hasScannedForEncodings = 0;
			knownRegions = (
				en,
				Base,
			);
			mainGroup = E232261B1ADE042200BFFF2A;
			productRefGroup = E23226251ADE042200BFFF2A /* Products */;
			projectDirPath = "";
			projectReferences = (
				{
					ProductGroup = E2FB87F91ADF8A0E009A840F /* Products */;
					ProjectRef = E2FB87F81ADF8A0E009A840F /* Alamofire.xcodeproj */;
				},
				{
					ProductGroup = E2FC1DCD1AE0B2F600418DA8 /* Products */;
					ProjectRef = E2FC1DCC1AE0B2F600418DA8 /* SwiftyJSON.xcodeproj */;
				},
			);
			projectRoot = "";
			targets = (
				E23226231ADE042200BFFF2A /* HJKnowDaily */,
				E232263B1ADE042200BFFF2A /* HJKnowDailyTests */,
			);
		};
/* End PBXProject section */

/* Begin PBXReferenceProxy section */
		E2FB88001ADF8A0E009A840F /* Alamofire.framework */ = {
			isa = PBXReferenceProxy;
			fileType = wrapper.framework;
			path = Alamofire.framework;
			remoteRef = E2FB87FF1ADF8A0E009A840F /* PBXContainerItemProxy */;
			sourceTree = BUILT_PRODUCTS_DIR;
		};
		E2FB88021ADF8A0E009A840F /* Alamofire.framework */ = {
			isa = PBXReferenceProxy;
			fileType = wrapper.framework;
			path = Alamofire.framework;
			remoteRef = E2FB88011ADF8A0E009A840F /* PBXContainerItemProxy */;
			sourceTree = BUILT_PRODUCTS_DIR;
		};
		E2FB88041ADF8A0E009A840F /* Alamofire iOS Tests.xctest */ = {
			isa = PBXReferenceProxy;
			fileType = wrapper.cfbundle;
			path = "Alamofire iOS Tests.xctest";
			remoteRef = E2FB88031ADF8A0E009A840F /* PBXContainerItemProxy */;
			sourceTree = BUILT_PRODUCTS_DIR;
		};
		E2FB88061ADF8A0E009A840F /* Alamofire OSX Tests.xctest */ = {
			isa = PBXReferenceProxy;
			fileType = wrapper.cfbundle;
			path = "Alamofire OSX Tests.xctest";
			remoteRef = E2FB88051ADF8A0E009A840F /* PBXContainerItemProxy */;
			sourceTree = BUILT_PRODUCTS_DIR;
		};
		E2FC1DD41AE0B2F600418DA8 /* SwiftyJSON.framework */ = {
			isa = PBXReferenceProxy;
			fileType = wrapper.framework;
			path = SwiftyJSON.framework;
			remoteRef = E2FC1DD31AE0B2F600418DA8 /* PBXContainerItemProxy */;
			sourceTree = BUILT_PRODUCTS_DIR;
		};
		E2FC1DD61AE0B2F600418DA8 /* SwiftyJSON iOS Tests.xctest */ = {
			isa = PBXReferenceProxy;
			fileType = wrapper.cfbundle;
			path = "SwiftyJSON iOS Tests.xctest";
			remoteRef = E2FC1DD51AE0B2F600418DA8 /* PBXContainerItemProxy */;
			sourceTree = BUILT_PRODUCTS_DIR;
		};
		E2FC1DD81AE0B2F600418DA8 /* SwiftyJSON.framework */ = {
			isa = PBXReferenceProxy;
			fileType = wrapper.framework;
			path = SwiftyJSON.framework;
			remoteRef = E2FC1DD71AE0B2F600418DA8 /* PBXContainerItemProxy */;
			sourceTree = BUILT_PRODUCTS_DIR;
		};
		E2FC1DDA1AE0B2F600418DA8 /* SwiftyJSON OSX Tests.xctest */ = {
			isa = PBXReferenceProxy;
			fileType = wrapper.cfbundle;
			path = "SwiftyJSON OSX Tests.xctest";
			remoteRef = E2FC1DD91AE0B2F600418DA8 /* PBXContainerItemProxy */;
			sourceTree = BUILT_PRODUCTS_DIR;
		};
/* End PBXReferenceProxy section */

/* Begin PBXResourcesBuildPhase section */
		E23226221ADE042200BFFF2A /* Resources */ = {
			isa = PBXResourcesBuildPhase;
			buildActionMask = 2147483647;
			files = (
				E232266F1ADE071E00BFFF2A /* menu-button.png in Resources */,
				E23226321ADE042200BFFF2A /* Main.storyboard in Resources */,
				E2FC1DE61AE0CD1E00418DA8 /* HJHomeTableViewCell.xib in Resources */,
				E23226371ADE042200BFFF2A /* LaunchScreen.xib in Resources */,
				E23226701ADE071E00BFFF2A /* menu-button@2x.png in Resources */,
				E23226341ADE042200BFFF2A /* Images.xcassets in Resources */,
			);
			runOnlyForDeploymentPostprocessing = 0;
		};
		E232263A1ADE042200BFFF2A /* Resources */ = {
			isa = PBXResourcesBuildPhase;
			buildActionMask = 2147483647;
			files = (
			);
			runOnlyForDeploymentPostprocessing = 0;
		};
/* End PBXResourcesBuildPhase section */

/* Begin PBXSourcesBuildPhase section */
		E23226201ADE042200BFFF2A /* Sources */ = {
			isa = PBXSourcesBuildPhase;
			buildActionMask = 2147483647;
			files = (
				E232267C1ADE360900BFFF2A /* Utility.swift in Sources */,
				E23226711ADE071E00BFFF2A /* SlideNavigationController.m in Sources */,
				E2FC1DE81AE1134800418DA8 /* ImageLoader.swift in Sources */,
				E23226791ADE081F00BFFF2A /* HJLeftViewController.swift in Sources */,
				E232266B1ADE071E00BFFF2A /* SlideNavigationContorllerAnimatorScale.m in Sources */,
				E2FC1DE51AE0CD1E00418DA8 /* HJHomeTableViewCell.swift in Sources */,
				E2FC1DCA1AE0B12600418DA8 /* HJNewsModel.swift in Sources */,
				E2408C421AE5067800995817 /* HJScrollView.swift in Sources */,
				E232266C1ADE071E00BFFF2A /* SlideNavigationContorllerAnimatorScaleAndFade.m in Sources */,
				E24262481AE4FD4C00AD5C9D /* CExpandHeader.m in Sources */,
				E24262441AE4CF0500AD5C9D /* HJExpandHeader.swift in Sources */,
				E23226771ADE080E00BFFF2A /* HJHomeViewController.swift in Sources */,
				E232262F1ADE042200BFFF2A /* ViewController.swift in Sources */,
				E23226751ADE076100BFFF2A /* HJRootView.swift in Sources */,
				E232262D1ADE042200BFFF2A /* HJKnowDaily.xcdatamodeld in Sources */,
				E2FB87E41ADF50E8009A840F /* HJHttpRequest.swift in Sources */,
				E232266A1ADE071E00BFFF2A /* SlideNavigationContorllerAnimatorFade.m in Sources */,
				E232262A1ADE042200BFFF2A /* AppDelegate.swift in Sources */,
				E232266E1ADE071E00BFFF2A /* SlideNavigationContorllerAnimatorSlideAndFade.m in Sources */,
				E23226731ADE074900BFFF2A /* HJRootViewController.swift in Sources */,
				E2FB87E81ADF8703009A840F /* Alamofire.swift in Sources */,
				E232266D1ADE071E00BFFF2A /* SlideNavigationContorllerAnimatorSlide.m in Sources */,
				E23226801ADE373B00BFFF2A /* HJUrlHelp.swift in Sources */,
			);
			runOnlyForDeploymentPostprocessing = 0;
		};
		E23226381ADE042200BFFF2A /* Sources */ = {
			isa = PBXSourcesBuildPhase;
			buildActionMask = 2147483647;
			files = (
				E23226431ADE042200BFFF2A /* HJKnowDailyTests.swift in Sources */,
			);
			runOnlyForDeploymentPostprocessing = 0;
		};
/* End PBXSourcesBuildPhase section */

/* Begin PBXTargetDependency section */
		E232263E1ADE042200BFFF2A /* PBXTargetDependency */ = {
			isa = PBXTargetDependency;
			target = E23226231ADE042200BFFF2A /* HJKnowDaily */;
			targetProxy = E232263D1ADE042200BFFF2A /* PBXContainerItemProxy */;
		};
		E2FB880A1ADF8A1F009A840F /* PBXTargetDependency */ = {
			isa = PBXTargetDependency;
			name = "Alamofire iOS";
			targetProxy = E2FB88091ADF8A1F009A840F /* PBXContainerItemProxy */;
		};
		E2FC1DDE1AE0B33800418DA8 /* PBXTargetDependency */ = {
			isa = PBXTargetDependency;
			name = "SwiftyJSON iOS";
			targetProxy = E2FC1DDD1AE0B33800418DA8 /* PBXContainerItemProxy */;
		};
/* End PBXTargetDependency section */

/* Begin PBXVariantGroup section */
		E23226301ADE042200BFFF2A /* Main.storyboard */ = {
			isa = PBXVariantGroup;
			children = (
				E23226311ADE042200BFFF2A /* Base */,
			);
			name = Main.storyboard;
			sourceTree = "<group>";
		};
		E23226351ADE042200BFFF2A /* LaunchScreen.xib */ = {
			isa = PBXVariantGroup;
			children = (
				E23226361ADE042200BFFF2A /* Base */,
			);
			name = LaunchScreen.xib;
			sourceTree = "<group>";
		};
/* End PBXVariantGroup section */

/* Begin XCBuildConfiguration section */
		E23226441ADE042200BFFF2A /* Debug */ = {
			isa = XCBuildConfiguration;
			buildSettings = {
				ALWAYS_SEARCH_USER_PATHS = NO;
				CLANG_CXX_LANGUAGE_STANDARD = "gnu++0x";
				CLANG_CXX_LIBRARY = "libc++";
				CLANG_ENABLE_MODULES = YES;
				CLANG_ENABLE_OBJC_ARC = YES;
				CLANG_WARN_BOOL_CONVERSION = YES;
				CLANG_WARN_CONSTANT_CONVERSION = YES;
				CLANG_WARN_DIRECT_OBJC_ISA_USAGE = YES_ERROR;
				CLANG_WARN_EMPTY_BODY = YES;
				CLANG_WARN_ENUM_CONVERSION = YES;
				CLANG_WARN_INT_CONVERSION = YES;
				CLANG_WARN_OBJC_ROOT_CLASS = YES_ERROR;
				CLANG_WARN_UNREACHABLE_CODE = YES;
				CLANG_WARN__DUPLICATE_METHOD_MATCH = YES;
				"CODE_SIGN_IDENTITY[sdk=iphoneos*]" = "iPhone Developer";
				COPY_PHASE_STRIP = NO;
				DEBUG_INFORMATION_FORMAT = "dwarf-with-dsym";
				ENABLE_STRICT_OBJC_MSGSEND = YES;
				GCC_C_LANGUAGE_STANDARD = gnu99;
				GCC_DYNAMIC_NO_PIC = NO;
				GCC_NO_COMMON_BLOCKS = YES;
				GCC_OPTIMIZATION_LEVEL = 0;
				GCC_PREPROCESSOR_DEFINITIONS = (
					"DEBUG=1",
					"$(inherited)",
				);
				GCC_SYMBOLS_PRIVATE_EXTERN = NO;
				GCC_WARN_64_TO_32_BIT_CONVERSION = YES;
				GCC_WARN_ABOUT_RETURN_TYPE = YES_ERROR;
				GCC_WARN_UNDECLARED_SELECTOR = YES;
				GCC_WARN_UNINITIALIZED_AUTOS = YES_AGGRESSIVE;
				GCC_WARN_UNUSED_FUNCTION = YES;
				GCC_WARN_UNUSED_VARIABLE = YES;
				IPHONEOS_DEPLOYMENT_TARGET = 8.3;
				MTL_ENABLE_DEBUG_INFO = YES;
				ONLY_ACTIVE_ARCH = YES;
				SDKROOT = iphoneos;
				SWIFT_OPTIMIZATION_LEVEL = "-Onone";
				TARGETED_DEVICE_FAMILY = "1,2";
			};
			name = Debug;
		};
		E23226451ADE042200BFFF2A /* Release */ = {
			isa = XCBuildConfiguration;
			buildSettings = {
				ALWAYS_SEARCH_USER_PATHS = NO;
				CLANG_CXX_LANGUAGE_STANDARD = "gnu++0x";
				CLANG_CXX_LIBRARY = "libc++";
				CLANG_ENABLE_MODULES = YES;
				CLANG_ENABLE_OBJC_ARC = YES;
				CLANG_WARN_BOOL_CONVERSION = YES;
				CLANG_WARN_CONSTANT_CONVERSION = YES;
				CLANG_WARN_DIRECT_OBJC_ISA_USAGE = YES_ERROR;
				CLANG_WARN_EMPTY_BODY = YES;
				CLANG_WARN_ENUM_CONVERSION = YES;
				CLANG_WARN_INT_CONVERSION = YES;
				CLANG_WARN_OBJC_ROOT_CLASS = YES_ERROR;
				CLANG_WARN_UNREACHABLE_CODE = YES;
				CLANG_WARN__DUPLICATE_METHOD_MATCH = YES;
				"CODE_SIGN_IDENTITY[sdk=iphoneos*]" = "iPhone Developer";
				COPY_PHASE_STRIP = NO;
				DEBUG_INFORMATION_FORMAT = "dwarf-with-dsym";
				ENABLE_NS_ASSERTIONS = NO;
				ENABLE_STRICT_OBJC_MSGSEND = YES;
				GCC_C_LANGUAGE_STANDARD = gnu99;
				GCC_NO_COMMON_BLOCKS = YES;
				GCC_WARN_64_TO_32_BIT_CONVERSION = YES;
				GCC_WARN_ABOUT_RETURN_TYPE = YES_ERROR;
				GCC_WARN_UNDECLARED_SELECTOR = YES;
				GCC_WARN_UNINITIALIZED_AUTOS = YES_AGGRESSIVE;
				GCC_WARN_UNUSED_FUNCTION = YES;
				GCC_WARN_UNUSED_VARIABLE = YES;
				IPHONEOS_DEPLOYMENT_TARGET = 8.3;
				MTL_ENABLE_DEBUG_INFO = NO;
				SDKROOT = iphoneos;
				TARGETED_DEVICE_FAMILY = "1,2";
				VALIDATE_PRODUCT = YES;
			};
			name = Release;
		};
		E23226471ADE042200BFFF2A /* Debug */ = {
			isa = XCBuildConfiguration;
			buildSettings = {
				ASSETCATALOG_COMPILER_APPICON_NAME = AppIcon;
				CLANG_ENABLE_MODULES = YES;
				INFOPLIST_FILE = HJKnowDaily/Info.plist;
				LD_RUNPATH_SEARCH_PATHS = "$(inherited) @executable_path/Frameworks";
				PRODUCT_NAME = "$(TARGET_NAME)";
				SWIFT_OBJC_BRIDGING_HEADER = "HJKnowDaily/HJKnowDaily-Bridging-Header.h";
				SWIFT_OPTIMIZATION_LEVEL = "-Onone";
			};
			name = Debug;
		};
		E23226481ADE042200BFFF2A /* Release */ = {
			isa = XCBuildConfiguration;
			buildSettings = {
				ASSETCATALOG_COMPILER_APPICON_NAME = AppIcon;
				CLANG_ENABLE_MODULES = YES;
				INFOPLIST_FILE = HJKnowDaily/Info.plist;
				LD_RUNPATH_SEARCH_PATHS = "$(inherited) @executable_path/Frameworks";
				PRODUCT_NAME = "$(TARGET_NAME)";
				SWIFT_OBJC_BRIDGING_HEADER = "HJKnowDaily/HJKnowDaily-Bridging-Header.h";
			};
			name = Release;
		};
		E232264A1ADE042200BFFF2A /* Debug */ = {
			isa = XCBuildConfiguration;
			buildSettings = {
				BUNDLE_LOADER = "$(TEST_HOST)";
				FRAMEWORK_SEARCH_PATHS = (
					"$(SDKROOT)/Developer/Library/Frameworks",
					"$(inherited)",
				);
				GCC_PREPROCESSOR_DEFINITIONS = (
					"DEBUG=1",
					"$(inherited)",
				);
				INFOPLIST_FILE = HJKnowDailyTests/Info.plist;
				LD_RUNPATH_SEARCH_PATHS = "$(inherited) @executable_path/Frameworks @loader_path/Frameworks";
				PRODUCT_NAME = "$(TARGET_NAME)";
				TEST_HOST = "$(BUILT_PRODUCTS_DIR)/HJKnowDaily.app/HJKnowDaily";
			};
			name = Debug;
		};
		E232264B1ADE042200BFFF2A /* Release */ = {
			isa = XCBuildConfiguration;
			buildSettings = {
				BUNDLE_LOADER = "$(TEST_HOST)";
				FRAMEWORK_SEARCH_PATHS = (
					"$(SDKROOT)/Developer/Library/Frameworks",
					"$(inherited)",
				);
				INFOPLIST_FILE = HJKnowDailyTests/Info.plist;
				LD_RUNPATH_SEARCH_PATHS = "$(inherited) @executable_path/Frameworks @loader_path/Frameworks";
				PRODUCT_NAME = "$(TARGET_NAME)";
				TEST_HOST = "$(BUILT_PRODUCTS_DIR)/HJKnowDaily.app/HJKnowDaily";
			};
			name = Release;
		};
/* End XCBuildConfiguration section */

/* Begin XCConfigurationList section */
		E232261F1ADE042200BFFF2A /* Build configuration list for PBXProject "HJKnowDaily" */ = {
			isa = XCConfigurationList;
			buildConfigurations = (
				E23226441ADE042200BFFF2A /* Debug */,
				E23226451ADE042200BFFF2A /* Release */,
			);
			defaultConfigurationIsVisible = 0;
			defaultConfigurationName = Release;
		};
		E23226461ADE042200BFFF2A /* Build configuration list for PBXNativeTarget "HJKnowDaily" */ = {
			isa = XCConfigurationList;
			buildConfigurations = (
				E23226471ADE042200BFFF2A /* Debug */,
				E23226481ADE042200BFFF2A /* Release */,
			);
			defaultConfigurationIsVisible = 0;
			defaultConfigurationName = Release;
		};
		E23226491ADE042200BFFF2A /* Build configuration list for PBXNativeTarget "HJKnowDailyTests" */ = {
			isa = XCConfigurationList;
			buildConfigurations = (
				E232264A1ADE042200BFFF2A /* Debug */,
				E232264B1ADE042200BFFF2A /* Release */,
			);
			defaultConfigurationIsVisible = 0;
			defaultConfigurationName = Release;
		};
/* End XCConfigurationList section */

/* Begin XCVersionGroup section */
		E232262B1ADE042200BFFF2A /* HJKnowDaily.xcdatamodeld */ = {
			isa = XCVersionGroup;
			children = (
				E232262C1ADE042200BFFF2A /* HJKnowDaily.xcdatamodel */,
			);
			currentVersion = E232262C1ADE042200BFFF2A /* HJKnowDaily.xcdatamodel */;
			path = HJKnowDaily.xcdatamodeld;
			sourceTree = "<group>";
			versionGroupType = wrapper.xcdatamodel;
		};
/* End XCVersionGroup section */
	};
	rootObject = E232261C1ADE042200BFFF2A /* Project object */;
}
